
Microsoft Visual Studio Solution File, Format Version 12.00
# Visual Studio 15
VisualStudioVersion = 15.0.28010.2041
MinimumVisualStudioVersion = 10.0.40219.1
Project("{FAE04EC0-301F-11D3-BF4B-00C04F79EFBC}") = "InvoiceDemo", "InvoiceDemo\InvoiceDemo.csproj", "{063A79BD-9CE6-4609-83C8-0EC43B0CE880}"
EndProject
Global
	GlobalSection(SolutionConfigurationPlatforms) = preSolution
		Debug|Any CPU = Debug|Any CPU
		Release|Any CPU = Release|Any CPU
	EndGlobalSection
	GlobalSection(ProjectConfigurationPlatforms) = postSolution
		{063A79BD-9CE6-4609-83C8-0EC43B0CE880}.Debug|Any CPU.ActiveCfg = Debug|Any CPU
		{063A79BD-9CE6-4609-83C8-0EC43B0CE880}.Debug|Any CPU.Build.0 = Debug|Any CPU
		{063A79BD-9CE6-4609-83C8-0EC43B0CE880}.Release|Any CPU.ActiveCfg = Release|Any CPU
		{063A79BD-9CE6-4609-83C8-0EC43B0CE880}.Release|Any CPU.Build.0 = Release|Any CPU
	EndGlobalSection
	GlobalSection(SolutionProperties) = preSolution
		HideSolutionNode = FALSE
	EndGlobalSection
	GlobalSection(ExtensibilityGlobals) = postSolution
		SolutionGuid = {B470D2CF-E942-47C5-8300-0C7DBDF3102B}
	EndGlobalSection
EndGlobal
